
Microsoft Visual Studio Solution File, Format Version 12.00
# Visual Studio Version 16
VisualStudioVersion = 16.0.30804.86
MinimumVisualStudioVersion = 10.0.40219.1
Project("{FAE04EC0-301F-11D3-BF4B-00C04F79EFBC}") = "FinalExam", "FinalExam.csproj", "{F5016C4B-D197-4727-9311-DA43B61B2B8A}"
EndProject
Global
	GlobalSection(SolutionConfigurationPlatforms) = preSolution
		Debug|Any CPU = Debug|Any CPU
		Release|Any CPU = Release|Any CPU
	EndGlobalSection
	GlobalSection(ProjectConfigurationPlatforms) = postSolution
		{F5016C4B-D197-4727-9311-DA43B61B2B8A}.Debug|Any CPU.ActiveCfg = Debug|Any CPU
		{F5016C4B-D197-4727-9311-DA43B61B2B8A}.Debug|Any CPU.Build.0 = Debug|Any CPU
		{F5016C4B-D197-4727-9311-DA43B61B2B8A}.Release|Any CPU.ActiveCfg = Release|Any CPU
		{F5016C4B-D197-4727-9311-DA43B61B2B8A}.Release|Any CPU.Build.0 = Release|Any CPU
	EndGlobalSection
	GlobalSection(SolutionProperties) = preSolution
		HideSolutionNode = FALSE
	EndGlobalSection
	GlobalSection(ExtensibilityGlobals) = postSolution
		SolutionGuid = {6108A226-1329-4AB1-96CF-281753FB7E20}
	EndGlobalSection
EndGlobal
